
Microsoft Visual Studio Solution File, Format Version 12.00
# Visual Studio Version 17
VisualStudioVersion = 17.14.36414.22
MinimumVisualStudioVersion = 10.0.40219.1
Project("{FAE04EC0-301F-11D3-BF4B-00C04F79EFBC}") = "FunctionApp1", "FunctionApp1\FunctionApp1.csproj", "{FC7B4EE2-1C8E-42AE-A340-1950603BB55E}"
EndProject
Project("{888888A0-9F3D-457C-B088-3A5042F75D52}") = "redirect-bridge", "redirect-bridge\redirect-bridge.pyproj", "{6E6E7553-F2E1-4A06-B1D7-EB8BE5F4DA08}"
EndProject
Global
	GlobalSection(SolutionConfigurationPlatforms) = preSolution
		Debug|Any CPU = Debug|Any CPU
		Release|Any CPU = Release|Any CPU
	EndGlobalSection
	GlobalSection(ProjectConfigurationPlatforms) = postSolution
		{FC7B4EE2-1C8E-42AE-A340-1950603BB55E}.Debug|Any CPU.ActiveCfg = Debug|Any CPU
		{FC7B4EE2-1C8E-42AE-A340-1950603BB55E}.Debug|Any CPU.Build.0 = Debug|Any CPU
		{FC7B4EE2-1C8E-42AE-A340-1950603BB55E}.Release|Any CPU.ActiveCfg = Release|Any CPU
		{FC7B4EE2-1C8E-42AE-A340-1950603BB55E}.Release|Any CPU.Build.0 = Release|Any CPU
		{6E6E7553-F2E1-4A06-B1D7-EB8BE5F4DA08}.Debug|Any CPU.ActiveCfg = Debug|Any CPU
		{6E6E7553-F2E1-4A06-B1D7-EB8BE5F4DA08}.Release|Any CPU.ActiveCfg = Release|Any CPU
	EndGlobalSection
	GlobalSection(SolutionProperties) = preSolution
		HideSolutionNode = FALSE
	EndGlobalSection
	GlobalSection(ExtensibilityGlobals) = postSolution
		SolutionGuid = {2D681446-D215-415A-9218-BAB6F0F2236B}
	EndGlobalSection
EndGlobal
